
Microsoft Visual Studio Solution File, Format Version 12.00
Project("{FAE04EC0-301F-11D3-BF4B-00C04F79EFBC}") = "RestaurantReservationSystem", "RestaurantReservationSystem\RestaurantReservationSystem.csproj", "{A75426B1-F1C2-4BF3-ABDE-3D3B73852DD4}"
EndProject
Global
	GlobalSection(SolutionConfigurationPlatforms) = preSolution
		Debug|Any CPU = Debug|Any CPU
		Release|Any CPU = Release|Any CPU
	EndGlobalSection
	GlobalSection(ProjectConfigurationPlatforms) = postSolution
		{A75426B1-F1C2-4BF3-ABDE-3D3B73852DD4}.Debug|Any CPU.ActiveCfg = Debug|Any CPU
		{A75426B1-F1C2-4BF3-ABDE-3D3B73852DD4}.Debug|Any CPU.Build.0 = Debug|Any CPU
		{A75426B1-F1C2-4BF3-ABDE-3D3B73852DD4}.Release|Any CPU.ActiveCfg = Release|Any CPU
		{A75426B1-F1C2-4BF3-ABDE-3D3B73852DD4}.Release|Any CPU.Build.0 = Release|Any CPU
	EndGlobalSection
EndGlobal
